
Microsoft Visual Studio Solution File, Format Version 12.00
# Visual Studio 15
VisualStudioVersion = 15.0.28010.2026
MinimumVisualStudioVersion = 10.0.40219.1
Project("{FAE04EC0-301F-11D3-BF4B-00C04F79EFBC}") = "POCSignalR", "POCSignalR\POCSignalR.csproj", "{760F3940-4AE6-4C65-A0C4-9414ACD94451}"
EndProject
Global
	GlobalSection(SolutionConfigurationPlatforms) = preSolution
		Debug|Any CPU = Debug|Any CPU
		Release|Any CPU = Release|Any CPU
	EndGlobalSection
	GlobalSection(ProjectConfigurationPlatforms) = postSolution
		{760F3940-4AE6-4C65-A0C4-9414ACD94451}.Debug|Any CPU.ActiveCfg = Debug|Any CPU
		{760F3940-4AE6-4C65-A0C4-9414ACD94451}.Debug|Any CPU.Build.0 = Debug|Any CPU
		{760F3940-4AE6-4C65-A0C4-9414ACD94451}.Release|Any CPU.ActiveCfg = Release|Any CPU
		{760F3940-4AE6-4C65-A0C4-9414ACD94451}.Release|Any CPU.Build.0 = Release|Any CPU
	EndGlobalSection
	GlobalSection(SolutionProperties) = preSolution
		HideSolutionNode = FALSE
	EndGlobalSection
	GlobalSection(ExtensibilityGlobals) = postSolution
		SolutionGuid = {221794BD-EA7B-4BE3-A4E3-E8A1287F2472}
	EndGlobalSection
EndGlobal
